github.com/akualab/dmx v0.0.0-20130922234952-1ec6837faba7 h1:NiSujjEOEg6lSdiIftZoHa0oAsDTZlabXrU7Lfa5jyw=
github.com/akualab/dmx v0.0.0-20130922234952-1ec6837faba7/go.mod h1:fGkOc9nHK/v2N4kXLbb+uet+BC9TiqI7srodczLFMnQ=
github.com/fogleman/ease v0.0.0-20170301025033-8da417bf1776 h1:VRIbnDWRmAh5yBdz+J6yFMF5vso1It6vn+WmM/5l7MA=
github.com/fogleman/ease v0.0.0-20170301025033-8da417bf1776/go.mod h1:9wvnDu3YOfxzWM9Cst40msBF1C2UdQgDv962oTxSuMs=
github.com/reugn/go-streams v0.9.0 h1:OSOBi8V4B8wb66g0+/0RyA8BkyMcxIj+b1ERVI6l/eQ=
github.com/reugn/go-streams v0.9.0/go.mod h1:QI5XXifJkVJl2jQ6Cra8I9DvWdJTgqcFYR7amvXZ9Lg=
github.com/tarm/goserial v0.0.0-20151007205400-b3440c3c6355 h1:Kp3kg8YL2dc75mckomrHZQTfzNyFGnaqFhJeQw4ozGc=
github.com/tarm/goserial v0.0.0-20151007205400-b3440c3c6355/go.mod h1:jcMo2Odv5FpDA6rp8bnczbUolcICW6t54K3s9gOlgII=
